# THIS IS AN AUTOGENERATED FILE. DO NOT EDIT THIS FILE DIRECTLY.
# yarn lockfile v1


async@^2.5.0:
  version "2.6.1"
  resolved "https://registry.yarnpkg.com/async/-/async-2.6.1.tgz#b245a23ca71930044ec53fa46aa00a3e87c6a610"
  dependencies:
    lodash "^4.17.10"

async@~0.2.10:
  version "0.2.10"
  resolved "http://registry.npmjs.org/async/-/async-0.2.10.tgz#b6bbe0b0674b9d719708ca38de8c237cb526c3d1"

big.js@^3.1.3:
  version "3.2.0"
  resolved "https://registry.yarnpkg.com/big.js/-/big.js-3.2.0.tgz#a5fc298b81b9e0dca2e458824784b65c52ba588e"

commander@~2.17.1:
  version "2.17.1"
  resolved "https://registry.yarnpkg.com/commander/-/commander-2.17.1.tgz#bd77ab7de6de94205ceacc72f1716d29f20a77bf"

emojis-list@^2.0.0:
  version "2.1.0"
  resolved "https://registry.yarnpkg.com/emojis-list/-/emojis-list-2.1.0.tgz#4daa4d9db00f9819880c79fa457ae5b09a1fd389"

fastparse@^1.0.0:
  version "1.1.2"
  resolved "https://registry.yarnpkg.com/fastparse/-/fastparse-1.1.2.tgz#91728c5a5942eced8531283c79441ee4122c35a9"

handlebars-loader@^1.7.0:
  version "1.7.0"
  resolved "https://registry.yarnpkg.com/handlebars-loader/-/handlebars-loader-1.7.0.tgz#4f750bc62c350fb922e52d8564d667887e909723"
  dependencies:
    async "~0.2.10"
    fastparse "^1.0.0"
    loader-utils "1.0.x"
    object-assign "^4.1.0"

handlebars@^4.0.12:
  version "4.0.12"
  resolved "https://registry.yarnpkg.com/handlebars/-/handlebars-4.0.12.tgz#2c15c8a96d46da5e266700518ba8cb8d919d5bc5"
  dependencies:
    async "^2.5.0"
    optimist "^0.6.1"
    source-map "^0.6.1"
  optionalDependencies:
    uglify-js "^3.1.4"

json5@^0.5.0:
  version "0.5.1"
  resolved "http://registry.npmjs.org/json5/-/json5-0.5.1.tgz#1eade7acc012034ad84e2396767ead9fa5495821"

loader-utils@1.0.x:
  version "1.0.4"
  resolved "https://registry.yarnpkg.com/loader-utils/-/loader-utils-1.0.4.tgz#13f56197f1523a305891248b4c7244540848426c"
  dependencies:
    big.js "^3.1.3"
    emojis-list "^2.0.0"
    json5 "^0.5.0"

lodash@^4.17.10:
  version "4.17.11"
  resolved "https://registry.yarnpkg.com/lodash/-/lodash-4.17.11.tgz#b39ea6229ef607ecd89e2c8df12536891cac9b8d"

minimist@~0.0.1:
  version "0.0.10"
  resolved "http://registry.npmjs.org/minimist/-/minimist-0.0.10.tgz#de3f98543dbf96082be48ad1a0c7cda836301dcf"

object-assign@^4.1.0:
  version "4.1.1"
  resolved "https://registry.yarnpkg.com/object-assign/-/object-assign-4.1.1.tgz#2109adc7965887cfc05cbbd442cac8bfbb360863"

optimist@^0.6.1:
  version "0.6.1"
  resolved "https://registry.yarnpkg.com/optimist/-/optimist-0.6.1.tgz#da3ea74686fa21a19a111c326e90eb15a0196686"
  dependencies:
    minimist "~0.0.1"
    wordwrap "~0.0.2"

source-map@^0.6.1, source-map@~0.6.1:
  version "0.6.1"
  resolved "https://registry.yarnpkg.com/source-map/-/source-map-0.6.1.tgz#74722af32e9614e9c287a8d0bbde48b5e2f1a263"

uglify-js@^3.1.4:
  version "3.4.9"
  resolved "https://registry.yarnpkg.com/uglify-js/-/uglify-js-3.4.9.tgz#af02f180c1207d76432e473ed24a28f4a782bae3"
  dependencies:
    commander "~2.17.1"
    source-map "~0.6.1"

wordwrap@~0.0.2:
  version "0.0.3"
  resolved "https://registry.yarnpkg.com/wordwrap/-/wordwrap-0.0.3.tgz#a3d5da6cd5c0bc0008d37234bbaf1bed63059107"
